
Microsoft Visual Studio Solution File, Format Version 11.00
# Visual Studio 2010
Project("{FAE04EC0-301F-11D3-BF4B-00C04F79EFBC}") = "AfterWorkTambayan.Web", "AfterWorkTambayan.Web\AfterWorkTambayan.Web.csproj", "{0BB3AC53-2100-46F4-B80A-D1DA077E362F}"
EndProject
Project("{FAE04EC0-301F-11D3-BF4B-00C04F79EFBC}") = "AfterWorkTambayan.Domain", "AfterWorkTambayan.Domain\AfterWorkTambayan.Domain.csproj", "{F832884E-FB08-4977-A9AE-FC5134E33D5D}"
EndProject
Global
	GlobalSection(SolutionConfigurationPlatforms) = preSolution
		Debug|Any CPU = Debug|Any CPU
		Release|Any CPU = Release|Any CPU
	EndGlobalSection
	GlobalSection(ProjectConfigurationPlatforms) = postSolution
		{0BB3AC53-2100-46F4-B80A-D1DA077E362F}.Debug|Any CPU.ActiveCfg = Debug|Any CPU
		{0BB3AC53-2100-46F4-B80A-D1DA077E362F}.Debug|Any CPU.Build.0 = Debug|Any CPU
		{0BB3AC53-2100-46F4-B80A-D1DA077E362F}.Release|Any CPU.ActiveCfg = Release|Any CPU
		{0BB3AC53-2100-46F4-B80A-D1DA077E362F}.Release|Any CPU.Build.0 = Release|Any CPU
		{F832884E-FB08-4977-A9AE-FC5134E33D5D}.Debug|Any CPU.ActiveCfg = Debug|Any CPU
		{F832884E-FB08-4977-A9AE-FC5134E33D5D}.Debug|Any CPU.Build.0 = Debug|Any CPU
		{F832884E-FB08-4977-A9AE-FC5134E33D5D}.Release|Any CPU.ActiveCfg = Release|Any CPU
		{F832884E-FB08-4977-A9AE-FC5134E33D5D}.Release|Any CPU.Build.0 = Release|Any CPU
	EndGlobalSection
	GlobalSection(SolutionProperties) = preSolution
		HideSolutionNode = FALSE
	EndGlobalSection
EndGlobal
